// !$*UTF8*$!
{
	archiveVersion = 1;
	classes = {
	};
	objectVersion = 46;
	objects = {

/* Begin PBXBuildFile section */
		8A1B63441D0497D70040DEAF /* Brain Flower Euro.ttf in Resources */ = {isa = PBXBuildFile; fileRef = 8A1B63431D0497D70040DEAF /* Brain Flower Euro.ttf */; };
		8A60CF661D02251D007B867F /* GameOverScene.swift in Sources */ = {isa = PBXBuildFile; fileRef = 8A60CF651D02251D007B867F /* GameOverScene.swift */; };
		8A7EE1121CF6876100D70C57 /* AppDelegate.swift in Sources */ = {isa = PBXBuildFile; fileRef = 8A7EE1111CF6876100D70C57 /* AppDelegate.swift */; };
		8A7EE1141CF6876100D70C57 /* GameScene.sks in Resources */ = {isa = PBXBuildFile; fileRef = 8A7EE1131CF6876100D70C57 /* GameScene.sks */; };
		8A7EE1161CF6876100D70C57 /* GameScene.swift in Sources */ = {isa = PBXBuildFile; fileRef = 8A7EE1151CF6876100D70C57 /* GameScene.swift */; };
		8A7EE1181CF6876100D70C57 /* GameViewController.swift in Sources */ = {isa = PBXBuildFile; fileRef = 8A7EE1171CF6876100D70C57 /* GameViewController.swift */; };
		8A7EE11B1CF6876100D70C57 /* Main.storyboard in Resources */ = {isa = PBXBuildFile; fileRef = 8A7EE1191CF6876100D70C57 /* Main.storyboard */; };
		8A7EE11D1CF6876100D70C57 /* Assets.xcassets in Resources */ = {isa = PBXBuildFile; fileRef = 8A7EE11C1CF6876100D70C57 /* Assets.xcassets */; };
		8A7EE1201CF6876100D70C57 /* LaunchScreen.storyboard in Resources */ = {isa = PBXBuildFile; fileRef = 8A7EE11E1CF6876100D70C57 /* LaunchScreen.storyboard */; };
		8A7EE12B1CF6876100D70C57 /* Fruit_Catcher_GameTests.swift in Sources */ = {isa = PBXBuildFile; fileRef = 8A7EE12A1CF6876100D70C57 /* Fruit_Catcher_GameTests.swift */; };
		8A7EE1361CF6876100D70C57 /* Fruit_Catcher_GameUITests.swift in Sources */ = {isa = PBXBuildFile; fileRef = 8A7EE1351CF6876100D70C57 /* Fruit_Catcher_GameUITests.swift */; };
/* End PBXBuildFile section */

/* Begin PBXContainerItemProxy section */
		8A7EE1271CF6876100D70C57 /* PBXContainerItemProxy */ = {
			isa = PBXContainerItemProxy;
			containerPortal = 8A7EE1061CF6876100D70C57 /* Project object */;
			proxyType = 1;
			remoteGlobalIDString = 8A7EE10D1CF6876100D70C57;
			remoteInfo = "Fruit Catcher Game";
		};
		8A7EE1321CF6876100D70C57 /* PBXContainerItemProxy */ = {
			isa = PBXContainerItemProxy;
			containerPortal = 8A7EE1061CF6876100D70C57 /* Project object */;
			proxyType = 1;
			remoteGlobalIDString = 8A7EE10D1CF6876100D70C57;
			remoteInfo = "Fruit Catcher Game";
		};
/* End PBXContainerItemProxy section */

/* Begin PBXFileReference section */
		8A1B63431D0497D70040DEAF /* Brain Flower Euro.ttf */ = {isa = PBXFileReference; lastKnownFileType = file; path = "Brain Flower Euro.ttf"; sourceTree = "<group>"; };
		8A60CF651D02251D007B867F /* GameOverScene.swift */ = {isa = PBXFileReference; fileEncoding = 4; lastKnownFileType = sourcecode.swift; name = GameOverScene.swift; path = ../GameOverScene.swift; sourceTree = "<group>"; };
		8A7EE10E1CF6876100D70C57 /* Fruit Catcher Game.app */ = {isa = PBXFileReference; explicitFileType = wrapper.application; includeInIndex = 0; path = "Fruit Catcher Game.app"; sourceTree = BUILT_PRODUCTS_DIR; };
		8A7EE1111CF6876100D70C57 /* AppDelegate.swift */ = {isa = PBXFileReference; lastKnownFileType = sourcecode.swift; path = AppDelegate.swift; sourceTree = "<group>"; };
		8A7EE1131CF6876100D70C57 /* GameScene.sks */ = {isa = PBXFileReference; lastKnownFileType = file.sks; path = GameScene.sks; sourceTree = "<group>"; };
		8A7EE1151CF6876100D70C57 /* GameScene.swift */ = {isa = PBXFileReference; lastKnownFileType = sourcecode.swift; path = GameScene.swift; sourceTree = "<group>"; };
		8A7EE1171CF6876100D70C57 /* GameViewController.swift */ = {isa = PBXFileReference; lastKnownFileType = sourcecode.swift; path = GameViewController.swift; sourceTree = "<group>"; };
		8A7EE11A1CF6876100D70C57 /* Base */ = {isa = PBXFileReference; lastKnownFileType = file.storyboard; name = Base; path = Base.lproj/Main.storyboard; sourceTree = "<group>"; };
		8A7EE11C1CF6876100D70C57 /* Assets.xcassets */ = {isa = PBXFileReference; lastKnownFileType = folder.assetcatalog; path = Assets.xcassets; sourceTree = "<group>"; };
		8A7EE11F1CF6876100D70C57 /* Base */ = {isa = PBXFileReference; lastKnownFileType = file.storyboard; name = Base; path = Base.lproj/LaunchScreen.storyboard; sourceTree = "<group>"; };
		8A7EE1211CF6876100D70C57 /* Info.plist */ = {isa = PBXFileReference; lastKnownFileType = text.plist.xml; path = Info.plist; sourceTree = "<group>"; };
		8A7EE1261CF6876100D70C57 /* Fruit Catcher GameTests.xctest */ = {isa = PBXFileReference; explicitFileType = wrapper.cfbundle; includeInIndex = 0; path = "Fruit Catcher GameTests.xctest"; sourceTree = BUILT_PRODUCTS_DIR; };
		8A7EE12A1CF6876100D70C57 /* Fruit_Catcher_GameTests.swift */ = {isa = PBXFileReference; lastKnownFileType = sourcecode.swift; path = Fruit_Catcher_GameTests.swift; sourceTree = "<group>"; };
		8A7EE12C1CF6876100D70C57 /* Info.plist */ = {isa = PBXFileReference; lastKnownFileType = text.plist.xml; path = Info.plist; sourceTree = "<group>"; };
		8A7EE1311CF6876100D70C57 /* Fruit Catcher GameUITests.xctest */ = {isa = PBXFileReference; explicitFileType = wrapper.cfbundle; includeInIndex = 0; path = "Fruit Catcher GameUITests.xctest"; sourceTree = BUILT_PRODUCTS_DIR; };
		8A7EE1351CF6876100D70C57 /* Fruit_Catcher_GameUITests.swift */ = {isa = PBXFileReference; lastKnownFileType = sourcecode.swift; path = Fruit_Catcher_GameUITests.swift; sourceTree = "<group>"; };
		8A7EE1371CF6876100D70C57 /* Info.plist */ = {isa = PBXFileReference; lastKnownFileType = text.plist.xml; path = Info.plist; sourceTree = "<group>"; };
/* End PBXFileReference section */

/* Begin PBXFrameworksBuildPhase section */
		8A7EE10B1CF6876100D70C57 /* Frameworks */ = {
			isa = PBXFrameworksBuildPhase;
			buildActionMask = 2147483647;
			files = (
			);
			runOnlyForDeploymentPostprocessing = 0;
		};
		8A7EE1231CF6876100D70C57 /* Frameworks */ = {
			isa = PBXFrameworksBuildPhase;
			buildActionMask = 2147483647;
			files = (
			);
			runOnlyForDeploymentPostprocessing = 0;
		};
		8A7EE12E1CF6876100D70C57 /* Frameworks */ = {
			isa = PBXFrameworksBuildPhase;
			buildActionMask = 2147483647;
			files = (
			);
			runOnlyForDeploymentPostprocessing = 0;
		};
/* End PBXFrameworksBuildPhase section */

/* Begin PBXGroup section */
		8A7EE1051CF6876100D70C57 = {
			isa = PBXGroup;
			children = (
				8A7EE1101CF6876100D70C57 /* Fruit Catcher Game */,
				8A7EE1291CF6876100D70C57 /* Fruit Catcher GameTests */,
				8A7EE1341CF6876100D70C57 /* Fruit Catcher GameUITests */,
				8A7EE10F1CF6876100D70C57 /* Products */,
			);
			sourceTree = "<group>";
		};
		8A7EE10F1CF6876100D70C57 /* Products */ = {
			isa = PBXGroup;
			children = (
				8A7EE10E1CF6876100D70C57 /* Fruit Catcher Game.app */,
				8A7EE1261CF6876100D70C57 /* Fruit Catcher GameTests.xctest */,
				8A7EE1311CF6876100D70C57 /* Fruit Catcher GameUITests.xctest */,
			);
			name = Products;
			sourceTree = "<group>";
		};
		8A7EE1101CF6876100D70C57 /* Fruit Catcher Game */ = {
			isa = PBXGroup;
			children = (
				8A7EE1111CF6876100D70C57 /* AppDelegate.swift */,
				8A7EE1131CF6876100D70C57 /* GameScene.sks */,
				8A7EE1151CF6876100D70C57 /* GameScene.swift */,
				8A60CF651D02251D007B867F /* GameOverScene.swift */,
				8A7EE1171CF6876100D70C57 /* GameViewController.swift */,
				8A7EE1191CF6876100D70C57 /* Main.storyboard */,
				8A1B63431D0497D70040DEAF /* Brain Flower Euro.ttf */,
				8A7EE11C1CF6876100D70C57 /* Assets.xcassets */,
				8A7EE11E1CF6876100D70C57 /* LaunchScreen.storyboard */,
				8A7EE1211CF6876100D70C57 /* Info.plist */,
			);
			path = "Fruit Catcher Game";
			sourceTree = "<group>";
		};
		8A7EE1291CF6876100D70C57 /* Fruit Catcher GameTests */ = {
			isa = PBXGroup;
			children = (
				8A7EE12A1CF6876100D70C57 /* Fruit_Catcher_GameTests.swift */,
				8A7EE12C1CF6876100D70C57 /* Info.plist */,
			);
			path = "Fruit Catcher GameTests";
			sourceTree = "<group>";
		};
		8A7EE1341CF6876100D70C57 /* Fruit Catcher GameUITests */ = {
			isa = PBXGroup;
			children = (
				8A7EE1351CF6876100D70C57 /* Fruit_Catcher_GameUITests.swift */,
				8A7EE1371CF6876100D70C57 /* Info.plist */,
			);
			path = "Fruit Catcher GameUITests";
			sourceTree = "<group>";
		};
/* End PBXGroup section */

/* Begin PBXNativeTarget section */
		8A7EE10D1CF6876100D70C57 /* Fruit Catcher Game */ = {
			isa = PBXNativeTarget;
			buildConfigurationList = 8A7EE13A1CF6876100D70C57 /* Build configuration list for PBXNativeTarget "Fruit Catcher Game" */;
			buildPhases = (
				8A7EE10A1CF6876100D70C57 /* Sources */,
				8A7EE10B1CF6876100D70C57 /* Frameworks */,
				8A7EE10C1CF6876100D70C57 /* Resources */,
			);
			buildRules = (
			);
			dependencies = (
			);
			name = "Fruit Catcher Game";
			productName = "Fruit Catcher Game";
			productReference = 8A7EE10E1CF6876100D70C57 /* Fruit Catcher Game.app */;
			productType = "com.apple.product-type.application";
		};
		8A7EE1251CF6876100D70C57 /* Fruit Catcher GameTests */ = {
			isa = PBXNativeTarget;
			buildConfigurationList = 8A7EE13D1CF6876100D70C57 /* Build configuration list for PBXNativeTarget "Fruit Catcher GameTests" */;
			buildPhases = (
				8A7EE1221CF6876100D70C57 /* Sources */,
				8A7EE1231CF6876100D70C57 /* Frameworks */,
				8A7EE1241CF6876100D70C57 /* Resources */,
			);
			buildRules = (
			);
			dependencies = (
				8A7EE1281CF6876100D70C57 /* PBXTargetDependency */,
			);
			name = "Fruit Catcher GameTests";
			productName = "Fruit Catcher GameTests";
			productReference = 8A7EE1261CF6876100D70C57 /* Fruit Catcher GameTests.xctest */;
			productType = "com.apple.product-type.bundle.unit-test";
		};
		8A7EE1301CF6876100D70C57 /* Fruit Catcher GameUITests */ = {
			isa = PBXNativeTarget;
			buildConfigurationList = 8A7EE1401CF6876100D70C57 /* Build configuration list for PBXNativeTarget "Fruit Catcher GameUITests" */;
			buildPhases = (
				8A7EE12D1CF6876100D70C57 /* Sources */,
				8A7EE12E1CF6876100D70C57 /* Frameworks */,
				8A7EE12F1CF6876100D70C57 /* Resources */,
			);
			buildRules = (
			);
			dependencies = (
				8A7EE1331CF6876100D70C57 /* PBXTargetDependency */,
			);
			name = "Fruit Catcher GameUITests";
			productName = "Fruit Catcher GameUITests";
			productReference = 8A7EE1311CF6876100D70C57 /* Fruit Catcher GameUITests.xctest */;
			productType = "com.apple.product-type.bundle.ui-testing";
		};
/* End PBXNativeTarget section */

/* Begin PBXProject section */
		8A7EE1061CF6876100D70C57 /* Project object */ = {
			isa = PBXProject;
			attributes = {
				LastSwiftUpdateCheck = 0720;
				LastUpgradeCheck = 0720;
				ORGANIZATIONNAME = Khan;
				TargetAttributes = {
					8A7EE10D1CF6876100D70C57 = {
						CreatedOnToolsVersion = 7.2;
					};
					8A7EE1251CF6876100D70C57 = {
						CreatedOnToolsVersion = 7.2;
						TestTargetID = 8A7EE10D1CF6876100D70C57;
					};
					8A7EE1301CF6876100D70C57 = {
						CreatedOnToolsVersion = 7.2;
						TestTargetID = 8A7EE10D1CF6876100D70C57;
					};
				};
			};
			buildConfigurationList = 8A7EE1091CF6876100D70C57 /* Build configuration list for PBXProject "Fruit Catcher Game" */;
			compatibilityVersion = "Xcode 3.2";
			developmentRegion = English;
			hasScannedForEncodings = 0;
			knownRegions = (
				en,
				Base,
			);
			mainGroup = 8A7EE1051CF6876100D70C57;
			productRefGroup = 8A7EE10F1CF6876100D70C57 /* Products */;
			projectDirPath = "";
			projectRoot = "";
			targets = (
				8A7EE10D1CF6876100D70C57 /* Fruit Catcher Game */,
				8A7EE1251CF6876100D70C57 /* Fruit Catcher GameTests */,
				8A7EE1301CF6876100D70C57 /* Fruit Catcher GameUITests */,
			);
		};
/* End PBXProject section */

/* Begin PBXResourcesBuildPhase section */
		8A7EE10C1CF6876100D70C57 /* Resources */ = {
			isa = PBXResourcesBuildPhase;
			buildActionMask = 2147483647;
			files = (
				8A7EE1141CF6876100D70C57 /* GameScene.sks in Resources */,
				8A7EE1201CF6876100D70C57 /* LaunchScreen.storyboard in Resources */,
				8A1B63441D0497D70040DEAF /* Brain Flower Euro.ttf in Resources */,
				8A7EE11D1CF6876100D70C57 /* Assets.xcassets in Resources */,
				8A7EE11B1CF6876100D70C57 /* Main.storyboard in Resources */,
			);
			runOnlyForDeploymentPostprocessing = 0;
		};
		8A7EE1241CF6876100D70C57 /* Resources */ = {
			isa = PBXResourcesBuildPhase;
			buildActionMask = 2147483647;
			files = (
			);
			runOnlyForDeploymentPostprocessing = 0;
		};
		8A7EE12F1CF6876100D70C57 /* Resources */ = {
			isa = PBXResourcesBuildPhase;
			buildActionMask = 2147483647;
			files = (
			);
			runOnlyForDeploymentPostprocessing = 0;
		};
/* End PBXResourcesBuildPhase section */

/* Begin PBXSourcesBuildPhase section */
		8A7EE10A1CF6876100D70C57 /* Sources */ = {
			isa = PBXSourcesBuildPhase;
			buildActionMask = 2147483647;
			files = (
				8A7EE1161CF6876100D70C57 /* GameScene.swift in Sources */,
				8A7EE1181CF6876100D70C57 /* GameViewController.swift in Sources */,
				8A60CF661D02251D007B867F /* GameOverScene.swift in Sources */,
				8A7EE1121CF6876100D70C57 /* AppDelegate.swift in Sources */,
			);
			runOnlyForDeploymentPostprocessing = 0;
		};
		8A7EE1221CF6876100D70C57 /* Sources */ = {
			isa = PBXSourcesBuildPhase;
			buildActionMask = 2147483647;
			files = (
				8A7EE12B1CF6876100D70C57 /* Fruit_Catcher_GameTests.swift in Sources */,
			);
			runOnlyForDeploymentPostprocessing = 0;
		};
		8A7EE12D1CF6876100D70C57 /* Sources */ = {
			isa = PBXSourcesBuildPhase;
			buildActionMask = 2147483647;
			files = (
				8A7EE1361CF6876100D70C57 /* Fruit_Catcher_GameUITests.swift in Sources */,
			);
			runOnlyForDeploymentPostprocessing = 0;
		};
/* End PBXSourcesBuildPhase section */

/* Begin PBXTargetDependency section */
		8A7EE1281CF6876100D70C57 /* PBXTargetDependency */ = {
			isa = PBXTargetDependency;
			target = 8A7EE10D1CF6876100D70C57 /* Fruit Catcher Game */;
			targetProxy = 8A7EE1271CF6876100D70C57 /* PBXContainerItemProxy */;
		};
		8A7EE1331CF6876100D70C57 /* PBXTargetDependency */ = {
			isa = PBXTargetDependency;
			target = 8A7EE10D1CF6876100D70C57 /* Fruit Catcher Game */;
			targetProxy = 8A7EE1321CF6876100D70C57 /* PBXContainerItemProxy */;
		};
/* End PBXTargetDependency section */

/* Begin PBXVariantGroup section */
		8A7EE1191CF6876100D70C57 /* Main.storyboard */ = {
			isa = PBXVariantGroup;
			children = (
				8A7EE11A1CF6876100D70C57 /* Base */,
			);
			name = Main.storyboard;
			sourceTree = "<group>";
		};
		8A7EE11E1CF6876100D70C57 /* LaunchScreen.storyboard */ = {
			isa = PBXVariantGroup;
			children = (
				8A7EE11F1CF6876100D70C57 /* Base */,
			);
			name = LaunchScreen.storyboard;
			sourceTree = "<group>";
		};
/* End PBXVariantGroup section */

/* Begin XCBuildConfiguration section */
		8A7EE1381CF6876100D70C57 /* Debug */ = {
			isa = XCBuildConfiguration;
			buildSettings = {
				ALWAYS_SEARCH_USER_PATHS = NO;
				CLANG_CXX_LANGUAGE_STANDARD = "gnu++0x";
				CLANG_CXX_LIBRARY = "libc++";
				CLANG_ENABLE_MODULES = YES;
				CLANG_ENABLE_OBJC_ARC = YES;
				CLANG_WARN_BOOL_CONVERSION = YES;
				CLANG_WARN_CONSTANT_CONVERSION = YES;
				CLANG_WARN_DIRECT_OBJC_ISA_USAGE = YES_ERROR;
				CLANG_WARN_EMPTY_BODY = YES;
				CLANG_WARN_ENUM_CONVERSION = YES;
				CLANG_WARN_INT_CONVERSION = YES;
				CLANG_WARN_OBJC_ROOT_CLASS = YES_ERROR;
				CLANG_WARN_UNREACHABLE_CODE = YES;
				CLANG_WARN__DUPLICATE_METHOD_MATCH = YES;
				"CODE_SIGN_IDENTITY[sdk=iphoneos*]" = "iPhone Developer";
				COPY_PHASE_STRIP = NO;
				DEBUG_INFORMATION_FORMAT = "dwarf-with-dsym";
				ENABLE_STRICT_OBJC_MSGSEND = YES;
				ENABLE_TESTABILITY = YES;
				GCC_C_LANGUAGE_STANDARD = gnu99;
				GCC_DYNAMIC_NO_PIC = NO;
				GCC_NO_COMMON_BLOCKS = YES;
				GCC_OPTIMIZATION_LEVEL = 0;
				GCC_PREPROCESSOR_DEFINITIONS = (
					"DEBUG=1",
					"$(inherited)",
				);
				GCC_WARN_64_TO_32_BIT_CONVERSION = YES;
				GCC_WARN_ABOUT_RETURN_TYPE = YES_ERROR;
				GCC_WARN_UNDECLARED_SELECTOR = YES;
				GCC_WARN_UNINITIALIZED_AUTOS = YES_AGGRESSIVE;
				GCC_WARN_UNUSED_FUNCTION = YES;
				GCC_WARN_UNUSED_VARIABLE = YES;
				IPHONEOS_DEPLOYMENT_TARGET = 9.2;
				MTL_ENABLE_DEBUG_INFO = YES;
				ONLY_ACTIVE_ARCH = YES;
				SDKROOT = iphoneos;
				SWIFT_OPTIMIZATION_LEVEL = "-Onone";
				TARGETED_DEVICE_FAMILY = "1,2";
			};
			name = Debug;
		};
		8A7EE1391CF6876100D70C57 /* Release */ = {
			isa = XCBuildConfiguration;
			buildSettings = {
				ALWAYS_SEARCH_USER_PATHS = NO;
				CLANG_CXX_LANGUAGE_STANDARD = "gnu++0x";
				CLANG_CXX_LIBRARY = "libc++";
				CLANG_ENABLE_MODULES = YES;
				CLANG_ENABLE_OBJC_ARC = YES;
				CLANG_WARN_BOOL_CONVERSION = YES;
				CLANG_WARN_CONSTANT_CONVERSION = YES;
				CLANG_WARN_DIRECT_OBJC_ISA_USAGE = YES_ERROR;
				CLANG_WARN_EMPTY_BODY = YES;
				CLANG_WARN_ENUM_CONVERSION = YES;
				CLANG_WARN_INT_CONVERSION = YES;
				CLANG_WARN_OBJC_ROOT_CLASS = YES_ERROR;
				CLANG_WARN_UNREACHABLE_CODE = YES;
				CLANG_WARN__DUPLICATE_METHOD_MATCH = YES;
				"CODE_SIGN_IDENTITY[sdk=iphoneos*]" = "iPhone Developer";
				COPY_PHASE_STRIP = NO;
				DEBUG_INFORMATION_FORMAT = "dwarf-with-dsym";
				ENABLE_NS_ASSERTIONS = NO;
				ENABLE_STRICT_OBJC_MSGSEND = YES;
				GCC_C_LANGUAGE_STANDARD = gnu99;
				GCC_NO_COMMON_BLOCKS = YES;
				GCC_WARN_64_TO_32_BIT_CONVERSION = YES;
				GCC_WARN_ABOUT_RETURN_TYPE = YES_ERROR;
				GCC_WARN_UNDECLARED_SELECTOR = YES;
				GCC_WARN_UNINITIALIZED_AUTOS = YES_AGGRESSIVE;
				GCC_WARN_UNUSED_FUNCTION = YES;
				GCC_WARN_UNUSED_VARIABLE = YES;
				IPHONEOS_DEPLOYMENT_TARGET = 9.2;
				MTL_ENABLE_DEBUG_INFO = NO;
				SDKROOT = iphoneos;
				TARGETED_DEVICE_FAMILY = "1,2";
				VALIDATE_PRODUCT = YES;
			};
			name = Release;
		};
		8A7EE13B1CF6876100D70C57 /* Debug */ = {
			isa = XCBuildConfiguration;
			buildSettings = {
				ASSETCATALOG_COMPILER_APPICON_NAME = AppIcon;
				INFOPLIST_FILE = "Fruit Catcher Game/Info.plist";
				IPHONEOS_DEPLOYMENT_TARGET = 9.0;
				LD_RUNPATH_SEARCH_PATHS = "$(inherited) @executable_path/Frameworks";
				PRODUCT_BUNDLE_IDENTIFIER = "com.Khan.Fruit-Catcher-Game";
				PRODUCT_NAME = "$(TARGET_NAME)";
			};
			name = Debug;
		};
		8A7EE13C1CF6876100D70C57 /* Release */ = {
			isa = XCBuildConfiguration;
			buildSettings = {
				ASSETCATALOG_COMPILER_APPICON_NAME = AppIcon;
				INFOPLIST_FILE = "Fruit Catcher Game/Info.plist";
				IPHONEOS_DEPLOYMENT_TARGET = 9.0;
				LD_RUNPATH_SEARCH_PATHS = "$(inherited) @executable_path/Frameworks";
				PRODUCT_BUNDLE_IDENTIFIER = "com.Khan.Fruit-Catcher-Game";
				PRODUCT_NAME = "$(TARGET_NAME)";
			};
			name = Release;
		};
		8A7EE13E1CF6876100D70C57 /* Debug */ = {
			isa = XCBuildConfiguration;
			buildSettings = {
				BUNDLE_LOADER = "$(TEST_HOST)";
				DEBUG_INFORMATION_FORMAT = dwarf;
				INFOPLIST_FILE = "Fruit Catcher GameTests/Info.plist";
				LD_RUNPATH_SEARCH_PATHS = "$(inherited) @executable_path/Frameworks @loader_path/Frameworks";
				PRODUCT_BUNDLE_IDENTIFIER = "com.Khan.Fruit-Catcher-GameTests";
				PRODUCT_NAME = "$(TARGET_NAME)";
				TEST_HOST = "$(BUILT_PRODUCTS_DIR)/Fruit Catcher Game.app/Fruit Catcher Game";
			};
			name = Debug;
		};
		8A7EE13F1CF6876100D70C57 /* Release */ = {
			isa = XCBuildConfiguration;
			buildSettings = {
				BUNDLE_LOADER = "$(TEST_HOST)";
				INFOPLIST_FILE = "Fruit Catcher GameTests/Info.plist";
				LD_RUNPATH_SEARCH_PATHS = "$(inherited) @executable_path/Frameworks @loader_path/Frameworks";
				PRODUCT_BUNDLE_IDENTIFIER = "com.Khan.Fruit-Catcher-GameTests";
				PRODUCT_NAME = "$(TARGET_NAME)";
				TEST_HOST = "$(BUILT_PRODUCTS_DIR)/Fruit Catcher Game.app/Fruit Catcher Game";
			};
			name = Release;
		};
		8A7EE1411CF6876100D70C57 /* Debug */ = {
			isa = XCBuildConfiguration;
			buildSettings = {
				DEBUG_INFORMATION_FORMAT = dwarf;
				INFOPLIST_FILE = "Fruit Catcher GameUITests/Info.plist";
				LD_RUNPATH_SEARCH_PATHS = "$(inherited) @executable_path/Frameworks @loader_path/Frameworks";
				PRODUCT_BUNDLE_IDENTIFIER = "com.Khan.Fruit-Catcher-GameUITests";
				PRODUCT_NAME = "$(TARGET_NAME)";
				TEST_TARGET_NAME = "Fruit Catcher Game";
				USES_XCTRUNNER = YES;
			};
			name = Debug;
		};
		8A7EE1421CF6876100D70C57 /* Release */ = {
			isa = XCBuildConfiguration;
			buildSettings = {
				INFOPLIST_FILE = "Fruit Catcher GameUITests/Info.plist";
				LD_RUNPATH_SEARCH_PATHS = "$(inherited) @executable_path/Frameworks @loader_path/Frameworks";
				PRODUCT_BUNDLE_IDENTIFIER = "com.Khan.Fruit-Catcher-GameUITests";
				PRODUCT_NAME = "$(TARGET_NAME)";
				TEST_TARGET_NAME = "Fruit Catcher Game";
				USES_XCTRUNNER = YES;
			};
			name = Release;
		};
/* End XCBuildConfiguration section */

/* Begin XCConfigurationList section */
		8A7EE1091CF6876100D70C57 /* Build configuration list for PBXProject "Fruit Catcher Game" */ = {
			isa = XCConfigurationList;
			buildConfigurations = (
				8A7EE1381CF6876100D70C57 /* Debug */,
				8A7EE1391CF6876100D70C57 /* Release */,
			);
			defaultConfigurationIsVisible = 0;
			defaultConfigurationName = Release;
		};
		8A7EE13A1CF6876100D70C57 /* Build configuration list for PBXNativeTarget "Fruit Catcher Game" */ = {
			isa = XCConfigurationList;
			buildConfigurations = (
				8A7EE13B1CF6876100D70C57 /* Debug */,
				8A7EE13C1CF6876100D70C57 /* Release */,
			);
			defaultConfigurationIsVisible = 0;
			defaultConfigurationName = Release;
		};
		8A7EE13D1CF6876100D70C57 /* Build configuration list for PBXNativeTarget "Fruit Catcher GameTests" */ = {
			isa = XCConfigurationList;
			buildConfigurations = (
				8A7EE13E1CF6876100D70C57 /* Debug */,
				8A7EE13F1CF6876100D70C57 /* Release */,
			);
			defaultConfigurationIsVisible = 0;
			defaultConfigurationName = Release;
		};
		8A7EE1401CF6876100D70C57 /* Build configuration list for PBXNativeTarget "Fruit Catcher GameUITests" */ = {
			isa = XCConfigurationList;
			buildConfigurations = (
				8A7EE1411CF6876100D70C57 /* Debug */,
				8A7EE1421CF6876100D70C57 /* Release */,
			);
			defaultConfigurationIsVisible = 0;
			defaultConfigurationName = Release;
		};
/* End XCConfigurationList section */
	};
	rootObject = 8A7EE1061CF6876100D70C57 /* Project object */;
}
